{
  "name": "leaflet-heatmap",
  "version": "1.0.0",
  "lockfileVersion": 3,
  "requires": true,
  "packages": {
    "": {
      "name": "leaflet-heatmap",
      "version": "1.0.0",
      "license": "ISC",
      "dependencies": {
        "@types/googlemaps": "^3.43.3",
        "heatmap.js": "*",
        "leaflet": "*"
      },
      "devDependencies": {}
    },
    "node_modules/@types/googlemaps": {
      "version": "3.43.3",
      "resolved": "https://registry.npmjs.org/@types/googlemaps/-/googlemaps-3.43.3.tgz",
      "integrity": "sha512-ZWNoz/O8MPEpiajvj7QiqCY8tTLFNqNZ/a+s+zTV58wFVNAvvqV4bdGfnsjTb5Cs4V6wEsLrX8XRhmnyYJ2Tdg==",
      "deprecated": "Types for the Google Maps browser API have moved to @types/google.maps. Note: these types are not for the googlemaps npm package, which is a Node API."
    },
    "node_modules/heatmap.js": {
      "version": "2.0.5",
      "resolved": "https://registry.npmjs.org/heatmap.js/-/heatmap.js-2.0.5.tgz",
      "integrity": "sha512-CG2gYFP5Cv9IQCXEg3ZRxnJDyAilhWnQlAuHYGuWVzv6mFtQelS1bR9iN80IyDmFECbFPbg6I0LR5uAFHgCthw=="
    },
    "node_modules/leaflet": {
      "version": "1.9.4",
      "resolved": "https://registry.npmjs.org/leaflet/-/leaflet-1.9.4.tgz",
      "integrity": "sha512-nxS1ynzJOmOlHp+iL3FyWqK89GtNL8U8rvlMOsQdTTssxZwCXh8N2NB3GDQOL+YR3XnWyZAxwQixURb+FA74PA=="
    }
  }
}
